
Microsoft Visual Studio Solution File, Format Version 12.00
# Visual Studio Version 17
VisualStudioVersion = 17.3.32825.248
MinimumVisualStudioVersion = 10.0.40219.1
Project("{9A19103F-16F7-4668-BE54-9A1E7A4F7556}") = "WSUniversalLib", "WSUniversalLib\WSUniversalLib.csproj", "{0A87A2CA-CC28-4F65-9148-AEB4326B1988}"
EndProject
Project("{9A19103F-16F7-4668-BE54-9A1E7A4F7556}") = "CalculationUnitTests", "CalculationUnitTests\CalculationUnitTests.csproj", "{7C7FD1A3-9CDD-4B6D-8792-41C3A1A8E0B5}"
EndProject
Global
	GlobalSection(SolutionConfigurationPlatforms) = preSolution
		Debug|Any CPU = Debug|Any CPU
		Release|Any CPU = Release|Any CPU
	EndGlobalSection
	GlobalSection(ProjectConfigurationPlatforms) = postSolution
		{0A87A2CA-CC28-4F65-9148-AEB4326B1988}.Debug|Any CPU.ActiveCfg = Debug|Any CPU
		{0A87A2CA-CC28-4F65-9148-AEB4326B1988}.Debug|Any CPU.Build.0 = Debug|Any CPU
		{0A87A2CA-CC28-4F65-9148-AEB4326B1988}.Release|Any CPU.ActiveCfg = Release|Any CPU
		{0A87A2CA-CC28-4F65-9148-AEB4326B1988}.Release|Any CPU.Build.0 = Release|Any CPU
		{7C7FD1A3-9CDD-4B6D-8792-41C3A1A8E0B5}.Debug|Any CPU.ActiveCfg = Debug|Any CPU
		{7C7FD1A3-9CDD-4B6D-8792-41C3A1A8E0B5}.Debug|Any CPU.Build.0 = Debug|Any CPU
		{7C7FD1A3-9CDD-4B6D-8792-41C3A1A8E0B5}.Release|Any CPU.ActiveCfg = Release|Any CPU
		{7C7FD1A3-9CDD-4B6D-8792-41C3A1A8E0B5}.Release|Any CPU.Build.0 = Release|Any CPU
	EndGlobalSection
	GlobalSection(SolutionProperties) = preSolution
		HideSolutionNode = FALSE
	EndGlobalSection
	GlobalSection(ExtensibilityGlobals) = postSolution
		SolutionGuid = {34D5D636-31D8-4E3B-A505-6E50603D4179}
	EndGlobalSection
EndGlobal
